// !$*UTF8*$!
{
	archiveVersion = 1;
	classes = {
	};
	objectVersion = 56;
	objects = {

/* Begin PBXBuildFile section */
		070C1CC5296FA6BA008E85D0 /* HelpViewController.swift in Sources */ = {isa = PBXBuildFile; fileRef = 070C1CC4296FA6BA008E85D0 /* HelpViewController.swift */; };
		07280783295817CB00CF65D9 /* Double.swift in Sources */ = {isa = PBXBuildFile; fileRef = 07280782295817CB00CF65D9 /* Double.swift */; };
		073A32432983D4710097C9DD /* Pods-CryptoSimulator-acknowledgements.plist in Resources */ = {isa = PBXBuildFile; fileRef = 073A32422983D4710097C9DD /* Pods-CryptoSimulator-acknowledgements.plist */; };
		073A3246298404EF0097C9DD /* Screenshots in Frameworks */ = {isa = PBXBuildFile; productRef = 073A3245298404EF0097C9DD /* Screenshots */; };
		073A324829840EF00097C9DD /* UIColor.swift in Sources */ = {isa = PBXBuildFile; fileRef = 073A324729840EF00097C9DD /* UIColor.swift */; };
		073D261B297F7FB700C46666 /* SettingCellDataManager.swift in Sources */ = {isa = PBXBuildFile; fileRef = 073D261A297F7FB700C46666 /* SettingCellDataManager.swift */; };
		073F546E296D8D4F0099305A /* CalcResultViewController.swift in Sources */ = {isa = PBXBuildFile; fileRef = 073F546D296D8D4F0099305A /* CalcResultViewController.swift */; };
		0750FD33295D2D85006B90B5 /* Date.swift in Sources */ = {isa = PBXBuildFile; fileRef = 0750FD32295D2D85006B90B5 /* Date.swift */; };
		07846A222980FEDE00449A7D /* StatsCell.swift in Sources */ = {isa = PBXBuildFile; fileRef = 07846A212980FEDE00449A7D /* StatsCell.swift */; };
		07846A24298117F900449A7D /* CalcResultCellData.swift in Sources */ = {isa = PBXBuildFile; fileRef = 07846A23298117F900449A7D /* CalcResultCellData.swift */; };
		07846A26298118A200449A7D /* CalcResultCellDataManager.swift in Sources */ = {isa = PBXBuildFile; fileRef = 07846A25298118A200449A7D /* CalcResultCellDataManager.swift */; };
		07846A28298127BF00449A7D /* GraphCell.swift in Sources */ = {isa = PBXBuildFile; fileRef = 07846A27298127BF00449A7D /* GraphCell.swift */; };
		078478802968486800C87C1C /* CalcManager.swift in Sources */ = {isa = PBXBuildFile; fileRef = 0784787F2968486800C87C1C /* CalcManager.swift */; };
		0794111F2949E84700A4F632 /* AppDelegate.swift in Sources */ = {isa = PBXBuildFile; fileRef = 0794111E2949E84700A4F632 /* AppDelegate.swift */; };
		079411212949E84700A4F632 /* SceneDelegate.swift in Sources */ = {isa = PBXBuildFile; fileRef = 079411202949E84700A4F632 /* SceneDelegate.swift */; };
		079411232949E84700A4F632 /* MainTabBarController.swift in Sources */ = {isa = PBXBuildFile; fileRef = 079411222949E84700A4F632 /* MainTabBarController.swift */; };
		079411262949E84700A4F632 /* Main.storyboard in Resources */ = {isa = PBXBuildFile; fileRef = 079411242949E84700A4F632 /* Main.storyboard */; };
		0794112B2949E84700A4F632 /* Assets.xcassets in Resources */ = {isa = PBXBuildFile; fileRef = 0794112A2949E84700A4F632 /* Assets.xcassets */; };
		0794112E2949E84700A4F632 /* LaunchScreen.storyboard in Resources */ = {isa = PBXBuildFile; fileRef = 0794112C2949E84700A4F632 /* LaunchScreen.storyboard */; };
		0794113B2949E9D600A4F632 /* SettingViewController.swift in Sources */ = {isa = PBXBuildFile; fileRef = 0794113A2949E9D600A4F632 /* SettingViewController.swift */; };
		0794113D2949EC3200A4F632 /* CoinViewController.swift in Sources */ = {isa = PBXBuildFile; fileRef = 0794113C2949EC3200A4F632 /* CoinViewController.swift */; };
		079411402949FA8D00A4F632 /* Constant.swift in Sources */ = {isa = PBXBuildFile; fileRef = 0794113F2949FA8D00A4F632 /* Constant.swift */; };
		07941144294A158C00A4F632 /* CryptoSimulator.xcdatamodeld in Sources */ = {isa = PBXBuildFile; fileRef = 07941141294A0F9000A4F632 /* CryptoSimulator.xcdatamodeld */; };
		0794114A294A19C800A4F632 /* SettingCell.swift in Sources */ = {isa = PBXBuildFile; fileRef = 07941149294A19C800A4F632 /* SettingCell.swift */; };
		079DBFF5295DB3AC0063625F /* CalcViewController.swift in Sources */ = {isa = PBXBuildFile; fileRef = 079DBFF4295DB3AC0063625F /* CalcViewController.swift */; };
		079DBFF7295DB53A0063625F /* CalcView.swift in Sources */ = {isa = PBXBuildFile; fileRef = 079DBFF6295DB53A0063625F /* CalcView.swift */; };
		07BAB0B6298544F300269EE5 /* Int.swift in Sources */ = {isa = PBXBuildFile; fileRef = 07BAB0B5298544F300269EE5 /* Int.swift */; };
		07BAB0B829857D9700269EE5 /* LaunchScreenViewController.swift in Sources */ = {isa = PBXBuildFile; fileRef = 07BAB0B729857D9700269EE5 /* LaunchScreenViewController.swift */; };
		07BED96A2975801B009B7450 /* UILabel.swift in Sources */ = {isa = PBXBuildFile; fileRef = 07BED9692975801B009B7450 /* UILabel.swift */; };
		07C616EC294AAD4B00F057BE /* CoinListCell.swift in Sources */ = {isa = PBXBuildFile; fileRef = 07C616EB294AAD4B00F057BE /* CoinListCell.swift */; };
		07C616EE294AB0E500F057BE /* NetworkManager.swift in Sources */ = {isa = PBXBuildFile; fileRef = 07C616ED294AB0E500F057BE /* NetworkManager.swift */; };
		07C616F0294AB0ED00F057BE /* DataPassManager.swift in Sources */ = {isa = PBXBuildFile; fileRef = 07C616EF294AB0ED00F057BE /* DataPassManager.swift */; };
		07CF13C22962B8110099746F /* PickerData.swift in Sources */ = {isa = PBXBuildFile; fileRef = 07CF13C12962B8110099746F /* PickerData.swift */; };
		07CF8F5D294DBE7F007D8C33 /* CurrentPriceData.swift in Sources */ = {isa = PBXBuildFile; fileRef = 07CF8F5C294DBE7F007D8C33 /* CurrentPriceData.swift */; };
		07D3A583295C925C0079DB9E /* HistoryPriceData.swift in Sources */ = {isa = PBXBuildFile; fileRef = 07D3A582295C925C0079DB9E /* HistoryPriceData.swift */; };
		07DE65F0296EDD610084B6A2 /* DelegateProtocol.swift in Sources */ = {isa = PBXBuildFile; fileRef = 07DE65EF296EDD610084B6A2 /* DelegateProtocol.swift */; };
		07E7F7A9297AC3E8003878C7 /* GradientColor.swift in Sources */ = {isa = PBXBuildFile; fileRef = 07E7F7A8297AC3E8003878C7 /* GradientColor.swift */; };
		07FCC2F1297D83E200A06EAD /* SettingCellData.swift in Sources */ = {isa = PBXBuildFile; fileRef = 07FCC2F0297D83E200A06EAD /* SettingCellData.swift */; };
		47B4F2FE6B6171115B33B007 /* Pods_CryptoSimulator.framework in Frameworks */ = {isa = PBXBuildFile; fileRef = A1499EEB9F5182508A415814 /* Pods_CryptoSimulator.framework */; };
/* End PBXBuildFile section */

/* Begin PBXFileReference section */
		070C1CC4296FA6BA008E85D0 /* HelpViewController.swift */ = {isa = PBXFileReference; fileEncoding = 4; lastKnownFileType = sourcecode.swift; path = HelpViewController.swift; sourceTree = "<group>"; };
		07280782295817CB00CF65D9 /* Double.swift */ = {isa = PBXFileReference; lastKnownFileType = sourcecode.swift; path = Double.swift; sourceTree = "<group>"; };
		073A32422983D4710097C9DD /* Pods-CryptoSimulator-acknowledgements.plist */ = {isa = PBXFileReference; fileEncoding = 4; lastKnownFileType = text.plist.xml; path = "Pods-CryptoSimulator-acknowledgements.plist"; sourceTree = "<group>"; };
		073A324729840EF00097C9DD /* UIColor.swift */ = {isa = PBXFileReference; lastKnownFileType = sourcecode.swift; path = UIColor.swift; sourceTree = "<group>"; };
		073D261A297F7FB700C46666 /* SettingCellDataManager.swift */ = {isa = PBXFileReference; lastKnownFileType = sourcecode.swift; path = SettingCellDataManager.swift; sourceTree = "<group>"; };
		073F546D296D8D4F0099305A /* CalcResultViewController.swift */ = {isa = PBXFileReference; lastKnownFileType = sourcecode.swift; path = CalcResultViewController.swift; sourceTree = "<group>"; };
		0750FD32295D2D85006B90B5 /* Date.swift */ = {isa = PBXFileReference; lastKnownFileType = sourcecode.swift; path = Date.swift; sourceTree = "<group>"; };
		07846A212980FEDE00449A7D /* StatsCell.swift */ = {isa = PBXFileReference; lastKnownFileType = sourcecode.swift; path = StatsCell.swift; sourceTree = "<group>"; };
		07846A23298117F900449A7D /* CalcResultCellData.swift */ = {isa = PBXFileReference; lastKnownFileType = sourcecode.swift; path = CalcResultCellData.swift; sourceTree = "<group>"; };
		07846A25298118A200449A7D /* CalcResultCellDataManager.swift */ = {isa = PBXFileReference; lastKnownFileType = sourcecode.swift; path = CalcResultCellDataManager.swift; sourceTree = "<group>"; };
		07846A27298127BF00449A7D /* GraphCell.swift */ = {isa = PBXFileReference; lastKnownFileType = sourcecode.swift; path = GraphCell.swift; sourceTree = "<group>"; };
		0784787F2968486800C87C1C /* CalcManager.swift */ = {isa = PBXFileReference; lastKnownFileType = sourcecode.swift; path = CalcManager.swift; sourceTree = "<group>"; };
		0794111B2949E84700A4F632 /* CryptoSimulator.app */ = {isa = PBXFileReference; explicitFileType = wrapper.application; includeInIndex = 0; path = CryptoSimulator.app; sourceTree = BUILT_PRODUCTS_DIR; };
		0794111E2949E84700A4F632 /* AppDelegate.swift */ = {isa = PBXFileReference; lastKnownFileType = sourcecode.swift; path = AppDelegate.swift; sourceTree = "<group>"; };
		079411202949E84700A4F632 /* SceneDelegate.swift */ = {isa = PBXFileReference; lastKnownFileType = sourcecode.swift; path = SceneDelegate.swift; sourceTree = "<group>"; };
		079411222949E84700A4F632 /* MainTabBarController.swift */ = {isa = PBXFileReference; lastKnownFileType = sourcecode.swift; path = MainTabBarController.swift; sourceTree = "<group>"; };
		079411252949E84700A4F632 /* Base */ = {isa = PBXFileReference; lastKnownFileType = file.storyboard; name = Base; path = Base.lproj/Main.storyboard; sourceTree = "<group>"; };
		0794112A2949E84700A4F632 /* Assets.xcassets */ = {isa = PBXFileReference; lastKnownFileType = folder.assetcatalog; path = Assets.xcassets; sourceTree = "<group>"; };
		0794112D2949E84700A4F632 /* Base */ = {isa = PBXFileReference; lastKnownFileType = file.storyboard; name = Base; path = Base.lproj/LaunchScreen.storyboard; sourceTree = "<group>"; };
		0794112F2949E84700A4F632 /* Info.plist */ = {isa = PBXFileReference; lastKnownFileType = text.plist.xml; path = Info.plist; sourceTree = "<group>"; };
		0794113A2949E9D600A4F632 /* SettingViewController.swift */ = {isa = PBXFileReference; lastKnownFileType = sourcecode.swift; path = SettingViewController.swift; sourceTree = "<group>"; };
		0794113C2949EC3200A4F632 /* CoinViewController.swift */ = {isa = PBXFileReference; lastKnownFileType = sourcecode.swift; path = CoinViewController.swift; sourceTree = "<group>"; };
		0794113F2949FA8D00A4F632 /* Constant.swift */ = {isa = PBXFileReference; lastKnownFileType = sourcecode.swift; path = Constant.swift; sourceTree = "<group>"; };
		07941142294A0F9000A4F632 /* DCA Planner.xcdatamodel */ = {isa = PBXFileReference; lastKnownFileType = wrapper.xcdatamodel; path = "DCA Planner.xcdatamodel"; sourceTree = "<group>"; };
		07941149294A19C800A4F632 /* SettingCell.swift */ = {isa = PBXFileReference; lastKnownFileType = sourcecode.swift; path = SettingCell.swift; sourceTree = "<group>"; };
		079DBFF4295DB3AC0063625F /* CalcViewController.swift */ = {isa = PBXFileReference; lastKnownFileType = sourcecode.swift; path = CalcViewController.swift; sourceTree = "<group>"; };
		079DBFF6295DB53A0063625F /* CalcView.swift */ = {isa = PBXFileReference; lastKnownFileType = sourcecode.swift; path = CalcView.swift; sourceTree = "<group>"; };
		07BAB0B5298544F300269EE5 /* Int.swift */ = {isa = PBXFileReference; lastKnownFileType = sourcecode.swift; path = Int.swift; sourceTree = "<group>"; };
		07BAB0B729857D9700269EE5 /* LaunchScreenViewController.swift */ = {isa = PBXFileReference; lastKnownFileType = sourcecode.swift; path = LaunchScreenViewController.swift; sourceTree = "<group>"; };
		07BED9692975801B009B7450 /* UILabel.swift */ = {isa = PBXFileReference; lastKnownFileType = sourcecode.swift; path = UILabel.swift; sourceTree = "<group>"; };
		07C616EB294AAD4B00F057BE /* CoinListCell.swift */ = {isa = PBXFileReference; lastKnownFileType = sourcecode.swift; path = CoinListCell.swift; sourceTree = "<group>"; };
		07C616ED294AB0E500F057BE /* NetworkManager.swift */ = {isa = PBXFileReference; lastKnownFileType = sourcecode.swift; path = NetworkManager.swift; sourceTree = "<group>"; };
		07C616EF294AB0ED00F057BE /* DataPassManager.swift */ = {isa = PBXFileReference; lastKnownFileType = sourcecode.swift; path = DataPassManager.swift; sourceTree = "<group>"; };
		07CF13C12962B8110099746F /* PickerData.swift */ = {isa = PBXFileReference; lastKnownFileType = sourcecode.swift; path = PickerData.swift; sourceTree = "<group>"; };
		07CF8F5C294DBE7F007D8C33 /* CurrentPriceData.swift */ = {isa = PBXFileReference; lastKnownFileType = sourcecode.swift; path = CurrentPriceData.swift; sourceTree = "<group>"; };
		07D3A582295C925C0079DB9E /* HistoryPriceData.swift */ = {isa = PBXFileReference; lastKnownFileType = sourcecode.swift; path = HistoryPriceData.swift; sourceTree = "<group>"; };
		07DE65EF296EDD610084B6A2 /* DelegateProtocol.swift */ = {isa = PBXFileReference; lastKnownFileType = sourcecode.swift; path = DelegateProtocol.swift; sourceTree = "<group>"; };
		07E7F7A8297AC3E8003878C7 /* GradientColor.swift */ = {isa = PBXFileReference; lastKnownFileType = sourcecode.swift; path = GradientColor.swift; sourceTree = "<group>"; };
		07FCC2F0297D83E200A06EAD /* SettingCellData.swift */ = {isa = PBXFileReference; lastKnownFileType = sourcecode.swift; path = SettingCellData.swift; sourceTree = "<group>"; };
		5F1B553C16FFDD291D5BBC55 /* Pods-CryptoSimulator.debug.xcconfig */ = {isa = PBXFileReference; includeInIndex = 1; lastKnownFileType = text.xcconfig; name = "Pods-CryptoSimulator.debug.xcconfig"; path = "Target Support Files/Pods-CryptoSimulator/Pods-CryptoSimulator.debug.xcconfig"; sourceTree = "<group>"; };
		A1499EEB9F5182508A415814 /* Pods_CryptoSimulator.framework */ = {isa = PBXFileReference; explicitFileType = wrapper.framework; includeInIndex = 0; path = Pods_CryptoSimulator.framework; sourceTree = BUILT_PRODUCTS_DIR; };
		CF973345A3C28DD0157F7555 /* Pods-CryptoSimulator.release.xcconfig */ = {isa = PBXFileReference; includeInIndex = 1; lastKnownFileType = text.xcconfig; name = "Pods-CryptoSimulator.release.xcconfig"; path = "Target Support Files/Pods-CryptoSimulator/Pods-CryptoSimulator.release.xcconfig"; sourceTree = "<group>"; };
/* End PBXFileReference section */

/* Begin PBXFrameworksBuildPhase section */
		079411182949E84700A4F632 /* Frameworks */ = {
			isa = PBXFrameworksBuildPhase;
			buildActionMask = 2147483647;
			files = (
				073A3246298404EF0097C9DD /* Screenshots in Frameworks */,
				47B4F2FE6B6171115B33B007 /* Pods_CryptoSimulator.framework in Frameworks */,
			);
			runOnlyForDeploymentPostprocessing = 0;
		};
/* End PBXFrameworksBuildPhase section */

/* Begin PBXGroup section */
		07280781295817BA00CF65D9 /* Extension */ = {
			isa = PBXGroup;
			children = (
				07BAB0B5298544F300269EE5 /* Int.swift */,
				07280782295817CB00CF65D9 /* Double.swift */,
				0750FD32295D2D85006B90B5 /* Date.swift */,
				07BED9692975801B009B7450 /* UILabel.swift */,
				07E7F7A8297AC3E8003878C7 /* GradientColor.swift */,
				073A324729840EF00097C9DD /* UIColor.swift */,
			);
			path = Extension;
			sourceTree = "<group>";
		};
		073D261F2980145700C46666 /* Home */ = {
			isa = PBXGroup;
			children = (
				079DBFF4295DB3AC0063625F /* CalcViewController.swift */,
				073F546D296D8D4F0099305A /* CalcResultViewController.swift */,
				0794113C2949EC3200A4F632 /* CoinViewController.swift */,
			);
			path = Home;
			sourceTree = "<group>";
		};
		073D26202980147F00C46666 /* Setting */ = {
			isa = PBXGroup;
			children = (
				0794113A2949E9D600A4F632 /* SettingViewController.swift */,
			);
			path = Setting;
			sourceTree = "<group>";
		};
		073D2621298014D100C46666 /* Home */ = {
			isa = PBXGroup;
			children = (
				079DBFF6295DB53A0063625F /* CalcView.swift */,
				07C616EB294AAD4B00F057BE /* CoinListCell.swift */,
				07846A212980FEDE00449A7D /* StatsCell.swift */,
				07846A27298127BF00449A7D /* GraphCell.swift */,
			);
			path = Home;
			sourceTree = "<group>";
		};
		073D2622298014DB00C46666 /* Setting */ = {
			isa = PBXGroup;
			children = (
				07941149294A19C800A4F632 /* SettingCell.swift */,
			);
			path = Setting;
			sourceTree = "<group>";
		};
		079411122949E84700A4F632 = {
			isa = PBXGroup;
			children = (
				0794111D2949E84700A4F632 /* CryptoSimulator */,
				0794111C2949E84700A4F632 /* Products */,
				EA3AFA3E622A601E42634B19 /* Pods */,
				8850A8556DDC0043D8A6FA14 /* Frameworks */,
			);
			sourceTree = "<group>";
		};
		0794111C2949E84700A4F632 /* Products */ = {
			isa = PBXGroup;
			children = (
				0794111B2949E84700A4F632 /* CryptoSimulator.app */,
			);
			name = Products;
			sourceTree = "<group>";
		};
		0794111D2949E84700A4F632 /* CryptoSimulator */ = {
			isa = PBXGroup;
			children = (
				0794111E2949E84700A4F632 /* AppDelegate.swift */,
				079411202949E84700A4F632 /* SceneDelegate.swift */,
				079411242949E84700A4F632 /* Main.storyboard */,
				0794112A2949E84700A4F632 /* Assets.xcassets */,
				0794112C2949E84700A4F632 /* LaunchScreen.storyboard */,
				0794112F2949E84700A4F632 /* Info.plist */,
				073A32422983D4710097C9DD /* Pods-CryptoSimulator-acknowledgements.plist */,
				07280781295817BA00CF65D9 /* Extension */,
				0794113E2949FA8000A4F632 /* Helper */,
				079411372949E86500A4F632 /* Model */,
				079411362949E86200A4F632 /* View */,
				079411352949E85E00A4F632 /* Controller */,
			);
			path = CryptoSimulator;
			sourceTree = "<group>";
		};
		079411352949E85E00A4F632 /* Controller */ = {
			isa = PBXGroup;
			children = (
				079411222949E84700A4F632 /* MainTabBarController.swift */,
				07BAB0B729857D9700269EE5 /* LaunchScreenViewController.swift */,
				070C1CC4296FA6BA008E85D0 /* HelpViewController.swift */,
				073D261F2980145700C46666 /* Home */,
				073D26202980147F00C46666 /* Setting */,
			);
			path = Controller;
			sourceTree = "<group>";
		};
		079411362949E86200A4F632 /* View */ = {
			isa = PBXGroup;
			children = (
				073D2621298014D100C46666 /* Home */,
				073D2622298014DB00C46666 /* Setting */,
			);
			path = View;
			sourceTree = "<group>";
		};
		079411372949E86500A4F632 /* Model */ = {
			isa = PBXGroup;
			children = (
				0784787F2968486800C87C1C /* CalcManager.swift */,
				07CF8F5C294DBE7F007D8C33 /* CurrentPriceData.swift */,
				07D3A582295C925C0079DB9E /* HistoryPriceData.swift */,
				07CF13C12962B8110099746F /* PickerData.swift */,
				07846A23298117F900449A7D /* CalcResultCellData.swift */,
				07846A25298118A200449A7D /* CalcResultCellDataManager.swift */,
				07FCC2F0297D83E200A06EAD /* SettingCellData.swift */,
				073D261A297F7FB700C46666 /* SettingCellDataManager.swift */,
				07941141294A0F9000A4F632 /* CryptoSimulator.xcdatamodeld */,
			);
			path = Model;
			sourceTree = "<group>";
		};
		0794113E2949FA8000A4F632 /* Helper */ = {
			isa = PBXGroup;
			children = (
				0794113F2949FA8D00A4F632 /* Constant.swift */,
				07C616ED294AB0E500F057BE /* NetworkManager.swift */,
				07C616EF294AB0ED00F057BE /* DataPassManager.swift */,
				07DE65EF296EDD610084B6A2 /* DelegateProtocol.swift */,
			);
			path = Helper;
			sourceTree = "<group>";
		};
		8850A8556DDC0043D8A6FA14 /* Frameworks */ = {
			isa = PBXGroup;
			children = (
				A1499EEB9F5182508A415814 /* Pods_CryptoSimulator.framework */,
			);
			name = Frameworks;
			sourceTree = "<group>";
		};
		EA3AFA3E622A601E42634B19 /* Pods */ = {
			isa = PBXGroup;
			children = (
				5F1B553C16FFDD291D5BBC55 /* Pods-CryptoSimulator.debug.xcconfig */,
				CF973345A3C28DD0157F7555 /* Pods-CryptoSimulator.release.xcconfig */,
			);
			path = Pods;
			sourceTree = "<group>";
		};
/* End PBXGroup section */

/* Begin PBXNativeTarget section */
		0794111A2949E84700A4F632 /* CryptoSimulator */ = {
			isa = PBXNativeTarget;
			buildConfigurationList = 079411322949E84700A4F632 /* Build configuration list for PBXNativeTarget "CryptoSimulator" */;
			buildPhases = (
				FB49E85A9F3374FFC624A52C /* [CP] Check Pods Manifest.lock */,
				079411172949E84700A4F632 /* Sources */,
				079411182949E84700A4F632 /* Frameworks */,
				079411192949E84700A4F632 /* Resources */,
				DD9CDDA1353BAC1814E135B3 /* [CP] Embed Pods Frameworks */,
			);
			buildRules = (
			);
			dependencies = (
			);
			name = CryptoSimulator;
			packageProductDependencies = (
				073A3245298404EF0097C9DD /* Screenshots */,
			);
			productName = "DCA Reminder";
			productReference = 0794111B2949E84700A4F632 /* CryptoSimulator.app */;
			productType = "com.apple.product-type.application";
		};
/* End PBXNativeTarget section */

/* Begin PBXProject section */
		079411132949E84700A4F632 /* Project object */ = {
			isa = PBXProject;
			attributes = {
				BuildIndependentTargetsInParallel = 1;
				LastSwiftUpdateCheck = 1400;
				LastUpgradeCheck = 1400;
				TargetAttributes = {
					0794111A2949E84700A4F632 = {
						CreatedOnToolsVersion = 14.0.1;
					};
				};
			};
			buildConfigurationList = 079411162949E84700A4F632 /* Build configuration list for PBXProject "CryptoSimulator" */;
			compatibilityVersion = "Xcode 14.0";
			developmentRegion = en;
			hasScannedForEncodings = 0;
			knownRegions = (
				en,
				Base,
			);
			mainGroup = 079411122949E84700A4F632;
			packageReferences = (
				073A3244298404EF0097C9DD /* XCRemoteSwiftPackageReference "Screenshots" */,
			);
			productRefGroup = 0794111C2949E84700A4F632 /* Products */;
			projectDirPath = "";
			projectRoot = "";
			targets = (
				0794111A2949E84700A4F632 /* CryptoSimulator */,
			);
		};
/* End PBXProject section */

/* Begin PBXResourcesBuildPhase section */
		079411192949E84700A4F632 /* Resources */ = {
			isa = PBXResourcesBuildPhase;
			buildActionMask = 2147483647;
			files = (
				0794112E2949E84700A4F632 /* LaunchScreen.storyboard in Resources */,
				073A32432983D4710097C9DD /* Pods-CryptoSimulator-acknowledgements.plist in Resources */,
				0794112B2949E84700A4F632 /* Assets.xcassets in Resources */,
				079411262949E84700A4F632 /* Main.storyboard in Resources */,
			);
			runOnlyForDeploymentPostprocessing = 0;
		};
/* End PBXResourcesBuildPhase section */

/* Begin PBXShellScriptBuildPhase section */
		DD9CDDA1353BAC1814E135B3 /* [CP] Embed Pods Frameworks */ = {
			isa = PBXShellScriptBuildPhase;
			buildActionMask = 2147483647;
			files = (
			);
			inputFileListPaths = (
				"${PODS_ROOT}/Target Support Files/Pods-CryptoSimulator/Pods-CryptoSimulator-frameworks-${CONFIGURATION}-input-files.xcfilelist",
			);
			name = "[CP] Embed Pods Frameworks";
			outputFileListPaths = (
				"${PODS_ROOT}/Target Support Files/Pods-CryptoSimulator/Pods-CryptoSimulator-frameworks-${CONFIGURATION}-output-files.xcfilelist",
			);
			runOnlyForDeploymentPostprocessing = 0;
			shellPath = /bin/sh;
			shellScript = "\"${PODS_ROOT}/Target Support Files/Pods-CryptoSimulator/Pods-CryptoSimulator-frameworks.sh\"\n";
			showEnvVarsInLog = 0;
		};
		FB49E85A9F3374FFC624A52C /* [CP] Check Pods Manifest.lock */ = {
			isa = PBXShellScriptBuildPhase;
			buildActionMask = 2147483647;
			files = (
			);
			inputFileListPaths = (
			);
			inputPaths = (
				"${PODS_PODFILE_DIR_PATH}/Podfile.lock",
				"${PODS_ROOT}/Manifest.lock",
			);
			name = "[CP] Check Pods Manifest.lock";
			outputFileListPaths = (
			);
			outputPaths = (
				"$(DERIVED_FILE_DIR)/Pods-CryptoSimulator-checkManifestLockResult.txt",
			);
			runOnlyForDeploymentPostprocessing = 0;
			shellPath = /bin/sh;
			shellScript = "diff \"${PODS_PODFILE_DIR_PATH}/Podfile.lock\" \"${PODS_ROOT}/Manifest.lock\" > /dev/null\nif [ $? != 0 ] ; then\n    # print error to STDERR\n    echo \"error: The sandbox is not in sync with the Podfile.lock. Run 'pod install' or update your CocoaPods installation.\" >&2\n    exit 1\nfi\n# This output is used by Xcode 'outputs' to avoid re-running this script phase.\necho \"SUCCESS\" > \"${SCRIPT_OUTPUT_FILE_0}\"\n";
			showEnvVarsInLog = 0;
		};
/* End PBXShellScriptBuildPhase section */

/* Begin PBXSourcesBuildPhase section */
		079411172949E84700A4F632 /* Sources */ = {
			isa = PBXSourcesBuildPhase;
			buildActionMask = 2147483647;
			files = (
				07D3A583295C925C0079DB9E /* HistoryPriceData.swift in Sources */,
				073D261B297F7FB700C46666 /* SettingCellDataManager.swift in Sources */,
				07846A222980FEDE00449A7D /* StatsCell.swift in Sources */,
				07846A28298127BF00449A7D /* GraphCell.swift in Sources */,
				078478802968486800C87C1C /* CalcManager.swift in Sources */,
				073A324829840EF00097C9DD /* UIColor.swift in Sources */,
				07280783295817CB00CF65D9 /* Double.swift in Sources */,
				07CF13C22962B8110099746F /* PickerData.swift in Sources */,
				07941144294A158C00A4F632 /* CryptoSimulator.xcdatamodeld in Sources */,
				079411232949E84700A4F632 /* MainTabBarController.swift in Sources */,
				07E7F7A9297AC3E8003878C7 /* GradientColor.swift in Sources */,
				070C1CC5296FA6BA008E85D0 /* HelpViewController.swift in Sources */,
				07DE65F0296EDD610084B6A2 /* DelegateProtocol.swift in Sources */,
				07C616EE294AB0E500F057BE /* NetworkManager.swift in Sources */,
				07CF8F5D294DBE7F007D8C33 /* CurrentPriceData.swift in Sources */,
				0794113D2949EC3200A4F632 /* CoinViewController.swift in Sources */,
				07FCC2F1297D83E200A06EAD /* SettingCellData.swift in Sources */,
				07BAB0B6298544F300269EE5 /* Int.swift in Sources */,
				07BED96A2975801B009B7450 /* UILabel.swift in Sources */,
				07846A26298118A200449A7D /* CalcResultCellDataManager.swift in Sources */,
				079DBFF5295DB3AC0063625F /* CalcViewController.swift in Sources */,
				079411402949FA8D00A4F632 /* Constant.swift in Sources */,
				07C616EC294AAD4B00F057BE /* CoinListCell.swift in Sources */,
				07846A24298117F900449A7D /* CalcResultCellData.swift in Sources */,
				0794111F2949E84700A4F632 /* AppDelegate.swift in Sources */,
				079411212949E84700A4F632 /* SceneDelegate.swift in Sources */,
				0794113B2949E9D600A4F632 /* SettingViewController.swift in Sources */,
				0750FD33295D2D85006B90B5 /* Date.swift in Sources */,
				073F546E296D8D4F0099305A /* CalcResultViewController.swift in Sources */,
				079DBFF7295DB53A0063625F /* CalcView.swift in Sources */,
				07C616F0294AB0ED00F057BE /* DataPassManager.swift in Sources */,
				07BAB0B829857D9700269EE5 /* LaunchScreenViewController.swift in Sources */,
				0794114A294A19C800A4F632 /* SettingCell.swift in Sources */,
			);
			runOnlyForDeploymentPostprocessing = 0;
		};
/* End PBXSourcesBuildPhase section */

/* Begin PBXVariantGroup section */
		079411242949E84700A4F632 /* Main.storyboard */ = {
			isa = PBXVariantGroup;
			children = (
				079411252949E84700A4F632 /* Base */,
			);
			name = Main.storyboard;
			sourceTree = "<group>";
		};
		0794112C2949E84700A4F632 /* LaunchScreen.storyboard */ = {
			isa = PBXVariantGroup;
			children = (
				0794112D2949E84700A4F632 /* Base */,
			);
			name = LaunchScreen.storyboard;
			sourceTree = "<group>";
		};
/* End PBXVariantGroup section */

/* Begin XCBuildConfiguration section */
		079411302949E84700A4F632 /* Debug */ = {
			isa = XCBuildConfiguration;
			buildSettings = {
				ALWAYS_SEARCH_USER_PATHS = NO;
				CLANG_ANALYZER_NONNULL = YES;
				CLANG_ANALYZER_NUMBER_OBJECT_CONVERSION = YES_AGGRESSIVE;
				CLANG_CXX_LANGUAGE_STANDARD = "gnu++20";
				CLANG_ENABLE_MODULES = YES;
				CLANG_ENABLE_OBJC_ARC = YES;
				CLANG_ENABLE_OBJC_WEAK = YES;
				CLANG_WARN_BLOCK_CAPTURE_AUTORELEASING = YES;
				CLANG_WARN_BOOL_CONVERSION = YES;
				CLANG_WARN_COMMA = YES;
				CLANG_WARN_CONSTANT_CONVERSION = YES;
				CLANG_WARN_DEPRECATED_OBJC_IMPLEMENTATIONS = YES;
				CLANG_WARN_DIRECT_OBJC_ISA_USAGE = YES_ERROR;
				CLANG_WARN_DOCUMENTATION_COMMENTS = YES;
				CLANG_WARN_EMPTY_BODY = YES;
				CLANG_WARN_ENUM_CONVERSION = YES;
				CLANG_WARN_INFINITE_RECURSION = YES;
				CLANG_WARN_INT_CONVERSION = YES;
				CLANG_WARN_NON_LITERAL_NULL_CONVERSION = YES;
				CLANG_WARN_OBJC_IMPLICIT_RETAIN_SELF = YES;
				CLANG_WARN_OBJC_LITERAL_CONVERSION = YES;
				CLANG_WARN_OBJC_ROOT_CLASS = YES_ERROR;
				CLANG_WARN_QUOTED_INCLUDE_IN_FRAMEWORK_HEADER = YES;
				CLANG_WARN_RANGE_LOOP_ANALYSIS = YES;
				CLANG_WARN_STRICT_PROTOTYPES = YES;
				CLANG_WARN_SUSPICIOUS_MOVE = YES;
				CLANG_WARN_UNGUARDED_AVAILABILITY = YES_AGGRESSIVE;
				CLANG_WARN_UNREACHABLE_CODE = YES;
				CLANG_WARN__DUPLICATE_METHOD_MATCH = YES;
				COPY_PHASE_STRIP = NO;
				DEBUG_INFORMATION_FORMAT = dwarf;
				ENABLE_STRICT_OBJC_MSGSEND = YES;
				ENABLE_TESTABILITY = YES;
				GCC_C_LANGUAGE_STANDARD = gnu11;
				GCC_DYNAMIC_NO_PIC = NO;
				GCC_NO_COMMON_BLOCKS = YES;
				GCC_OPTIMIZATION_LEVEL = 0;
				GCC_PREPROCESSOR_DEFINITIONS = (
					"DEBUG=1",
					"$(inherited)",
				);
				GCC_WARN_64_TO_32_BIT_CONVERSION = YES;
				GCC_WARN_ABOUT_RETURN_TYPE = YES_ERROR;
				GCC_WARN_UNDECLARED_SELECTOR = YES;
				GCC_WARN_UNINITIALIZED_AUTOS = YES_AGGRESSIVE;
				GCC_WARN_UNUSED_FUNCTION = YES;
				GCC_WARN_UNUSED_VARIABLE = YES;
				IPHONEOS_DEPLOYMENT_TARGET = 15.0;
				MTL_ENABLE_DEBUG_INFO = INCLUDE_SOURCE;
				MTL_FAST_MATH = YES;
				ONLY_ACTIVE_ARCH = YES;
				SDKROOT = iphoneos;
				SWIFT_ACTIVE_COMPILATION_CONDITIONS = DEBUG;
				SWIFT_OPTIMIZATION_LEVEL = "-Onone";
			};
			name = Debug;
		};
		079411312949E84700A4F632 /* Release */ = {
			isa = XCBuildConfiguration;
			buildSettings = {
				ALWAYS_SEARCH_USER_PATHS = NO;
				CLANG_ANALYZER_NONNULL = YES;
				CLANG_ANALYZER_NUMBER_OBJECT_CONVERSION = YES_AGGRESSIVE;
				CLANG_CXX_LANGUAGE_STANDARD = "gnu++20";
				CLANG_ENABLE_MODULES = YES;
				CLANG_ENABLE_OBJC_ARC = YES;
				CLANG_ENABLE_OBJC_WEAK = YES;
				CLANG_WARN_BLOCK_CAPTURE_AUTORELEASING = YES;
				CLANG_WARN_BOOL_CONVERSION = YES;
				CLANG_WARN_COMMA = YES;
				CLANG_WARN_CONSTANT_CONVERSION = YES;
				CLANG_WARN_DEPRECATED_OBJC_IMPLEMENTATIONS = YES;
				CLANG_WARN_DIRECT_OBJC_ISA_USAGE = YES_ERROR;
				CLANG_WARN_DOCUMENTATION_COMMENTS = YES;
				CLANG_WARN_EMPTY_BODY = YES;
				CLANG_WARN_ENUM_CONVERSION = YES;
				CLANG_WARN_INFINITE_RECURSION = YES;
				CLANG_WARN_INT_CONVERSION = YES;
				CLANG_WARN_NON_LITERAL_NULL_CONVERSION = YES;
				CLANG_WARN_OBJC_IMPLICIT_RETAIN_SELF = YES;
				CLANG_WARN_OBJC_LITERAL_CONVERSION = YES;
				CLANG_WARN_OBJC_ROOT_CLASS = YES_ERROR;
				CLANG_WARN_QUOTED_INCLUDE_IN_FRAMEWORK_HEADER = YES;
				CLANG_WARN_RANGE_LOOP_ANALYSIS = YES;
				CLANG_WARN_STRICT_PROTOTYPES = YES;
				CLANG_WARN_SUSPICIOUS_MOVE = YES;
				CLANG_WARN_UNGUARDED_AVAILABILITY = YES_AGGRESSIVE;
				CLANG_WARN_UNREACHABLE_CODE = YES;
				CLANG_WARN__DUPLICATE_METHOD_MATCH = YES;
				COPY_PHASE_STRIP = NO;
				DEBUG_INFORMATION_FORMAT = "dwarf-with-dsym";
				ENABLE_NS_ASSERTIONS = NO;
				ENABLE_STRICT_OBJC_MSGSEND = YES;
				GCC_C_LANGUAGE_STANDARD = gnu11;
				GCC_NO_COMMON_BLOCKS = YES;
				GCC_WARN_64_TO_32_BIT_CONVERSION = YES;
				GCC_WARN_ABOUT_RETURN_TYPE = YES_ERROR;
				GCC_WARN_UNDECLARED_SELECTOR = YES;
				GCC_WARN_UNINITIALIZED_AUTOS = YES_AGGRESSIVE;
				GCC_WARN_UNUSED_FUNCTION = YES;
				GCC_WARN_UNUSED_VARIABLE = YES;
				IPHONEOS_DEPLOYMENT_TARGET = 15.0;
				MTL_ENABLE_DEBUG_INFO = NO;
				MTL_FAST_MATH = YES;
				SDKROOT = iphoneos;
				SWIFT_COMPILATION_MODE = wholemodule;
				SWIFT_OPTIMIZATION_LEVEL = "-O";
				VALIDATE_PRODUCT = YES;
			};
			name = Release;
		};
		079411332949E84700A4F632 /* Debug */ = {
			isa = XCBuildConfiguration;
			baseConfigurationReference = 5F1B553C16FFDD291D5BBC55 /* Pods-CryptoSimulator.debug.xcconfig */;
			buildSettings = {
				ASSETCATALOG_COMPILER_APPICON_NAME = AppIcon;
				ASSETCATALOG_COMPILER_GLOBAL_ACCENT_COLOR_NAME = AccentColor;
				CODE_SIGN_STYLE = Automatic;
				CURRENT_PROJECT_VERSION = 1;
				DEVELOPMENT_TEAM = YJF2RZ2K47;
				GENERATE_INFOPLIST_FILE = YES;
				INFOPLIST_FILE = CryptoSimulator/Info.plist;
				INFOPLIST_KEY_CFBundleDisplayName = CryptoSimulator;
				INFOPLIST_KEY_LSApplicationCategoryType = "public.app-category.finance";
				INFOPLIST_KEY_NSPhotoLibraryAddUsageDescription = "스크린샷을 저장하기 위해 \\n사진앱 접근을 허용해주세요";
				INFOPLIST_KEY_UIApplicationSupportsIndirectInputEvents = YES;
				INFOPLIST_KEY_UILaunchStoryboardName = LaunchScreen.storyboard;
				INFOPLIST_KEY_UIMainStoryboardFile = Main;
				INFOPLIST_KEY_UISupportedInterfaceOrientations = UIInterfaceOrientationPortrait;
				INFOPLIST_KEY_UISupportedInterfaceOrientations_iPad = "UIInterfaceOrientationLandscapeLeft UIInterfaceOrientationLandscapeRight UIInterfaceOrientationPortrait UIInterfaceOrientationPortraitUpsideDown";
				IPHONEOS_DEPLOYMENT_TARGET = 15.0;
				LD_RUNPATH_SEARCH_PATHS = (
					"$(inherited)",
					"@executable_path/Frameworks",
				);
				MARKETING_VERSION = 1.0;
				PRODUCT_BUNDLE_IDENTIFIER = com.hyleedevelop.CryptoSimulator;
				PRODUCT_NAME = "$(TARGET_NAME)";
				SUPPORTED_PLATFORMS = "iphoneos iphonesimulator";
				SUPPORTS_MACCATALYST = NO;
				SUPPORTS_MAC_DESIGNED_FOR_IPHONE_IPAD = NO;
				SWIFT_EMIT_LOC_STRINGS = YES;
				SWIFT_VERSION = 5.0;
				TARGETED_DEVICE_FAMILY = 1;
			};
			name = Debug;
		};
		079411342949E84700A4F632 /* Release */ = {
			isa = XCBuildConfiguration;
			baseConfigurationReference = CF973345A3C28DD0157F7555 /* Pods-CryptoSimulator.release.xcconfig */;
			buildSettings = {
				ASSETCATALOG_COMPILER_APPICON_NAME = AppIcon;
				ASSETCATALOG_COMPILER_GLOBAL_ACCENT_COLOR_NAME = AccentColor;
				CODE_SIGN_STYLE = Automatic;
				CURRENT_PROJECT_VERSION = 1;
				DEVELOPMENT_TEAM = YJF2RZ2K47;
				GENERATE_INFOPLIST_FILE = YES;
				INFOPLIST_FILE = CryptoSimulator/Info.plist;
				INFOPLIST_KEY_CFBundleDisplayName = CryptoSimulator;
				INFOPLIST_KEY_LSApplicationCategoryType = "public.app-category.finance";
				INFOPLIST_KEY_NSPhotoLibraryAddUsageDescription = "스크린샷을 저장하기 위해 \\n사진앱 접근을 허용해주세요";
				INFOPLIST_KEY_UIApplicationSupportsIndirectInputEvents = YES;
				INFOPLIST_KEY_UILaunchStoryboardName = LaunchScreen.storyboard;
				INFOPLIST_KEY_UIMainStoryboardFile = Main;
				INFOPLIST_KEY_UISupportedInterfaceOrientations = UIInterfaceOrientationPortrait;
				INFOPLIST_KEY_UISupportedInterfaceOrientations_iPad = "UIInterfaceOrientationLandscapeLeft UIInterfaceOrientationLandscapeRight UIInterfaceOrientationPortrait UIInterfaceOrientationPortraitUpsideDown";
				IPHONEOS_DEPLOYMENT_TARGET = 15.0;
				LD_RUNPATH_SEARCH_PATHS = (
					"$(inherited)",
					"@executable_path/Frameworks",
				);
				MARKETING_VERSION = 1.0;
				PRODUCT_BUNDLE_IDENTIFIER = com.hyleedevelop.CryptoSimulator;
				PRODUCT_NAME = "$(TARGET_NAME)";
				SUPPORTED_PLATFORMS = "iphoneos iphonesimulator";
				SUPPORTS_MACCATALYST = NO;
				SUPPORTS_MAC_DESIGNED_FOR_IPHONE_IPAD = NO;
				SWIFT_EMIT_LOC_STRINGS = YES;
				SWIFT_VERSION = 5.0;
				TARGETED_DEVICE_FAMILY = 1;
			};
			name = Release;
		};
/* End XCBuildConfiguration section */

/* Begin XCConfigurationList section */
		079411162949E84700A4F632 /* Build configuration list for PBXProject "CryptoSimulator" */ = {
			isa = XCConfigurationList;
			buildConfigurations = (
				079411302949E84700A4F632 /* Debug */,
				079411312949E84700A4F632 /* Release */,
			);
			defaultConfigurationIsVisible = 0;
			defaultConfigurationName = Release;
		};
		079411322949E84700A4F632 /* Build configuration list for PBXNativeTarget "CryptoSimulator" */ = {
			isa = XCConfigurationList;
			buildConfigurations = (
				079411332949E84700A4F632 /* Debug */,
				079411342949E84700A4F632 /* Release */,
			);
			defaultConfigurationIsVisible = 0;
			defaultConfigurationName = Release;
		};
/* End XCConfigurationList section */

/* Begin XCRemoteSwiftPackageReference section */
		073A3244298404EF0097C9DD /* XCRemoteSwiftPackageReference "Screenshots" */ = {
			isa = XCRemoteSwiftPackageReference;
			repositoryURL = "https://github.com/dequin-cl/Screenshots.git";
			requirement = {
				kind = upToNextMajorVersion;
				minimumVersion = 1.0.0;
			};
		};
/* End XCRemoteSwiftPackageReference section */

/* Begin XCSwiftPackageProductDependency section */
		073A3245298404EF0097C9DD /* Screenshots */ = {
			isa = XCSwiftPackageProductDependency;
			package = 073A3244298404EF0097C9DD /* XCRemoteSwiftPackageReference "Screenshots" */;
			productName = Screenshots;
		};
/* End XCSwiftPackageProductDependency section */

/* Begin XCVersionGroup section */
		07941141294A0F9000A4F632 /* CryptoSimulator.xcdatamodeld */ = {
			isa = XCVersionGroup;
			children = (
				07941142294A0F9000A4F632 /* DCA Planner.xcdatamodel */,
			);
			currentVersion = 07941142294A0F9000A4F632 /* DCA Planner.xcdatamodel */;
			path = CryptoSimulator.xcdatamodeld;
			sourceTree = "<group>";
			versionGroupType = wrapper.xcdatamodel;
		};
/* End XCVersionGroup section */
	};
	rootObject = 079411132949E84700A4F632 /* Project object */;
}
