PODS:
  - AcknowList (3.0.0)
  - Charts (4.1.0):
    - Charts/Core (= 4.1.0)
  - Charts/Core (4.1.0):
    - SwiftAlgorithms (~> 1.0)
  - IQKeyboardManagerSwift (6.5.10)
  - Kingfisher (7.5.0)
  - NVActivityIndicatorView (5.1.1):
    - NVActivityIndicatorView/Base (= 5.1.1)
  - NVActivityIndicatorView/Base (5.1.1)
  - ShimmerSwift (2.1.1)
  - SwiftAlgorithms (1.0.0)

DEPENDENCIES:
  - AcknowList
  - Charts
  - IQKeyboardManagerSwift (= 6.5.10)
  - Kingfisher (~> 7.0)
  - NVActivityIndicatorView
  - ShimmerSwift

SPEC REPOS:
  trunk:
    - AcknowList
    - Charts
    - IQKeyboardManagerSwift
    - Kingfisher
    - NVActivityIndicatorView
    - ShimmerSwift
    - SwiftAlgorithms

SPEC CHECKSUMS:
  AcknowList: 931531a3e9d66f202ae8e04819a62c50b818b03e
  Charts: 354f86803d11d9c35de280587fef50d1af063978
  IQKeyboardManagerSwift: 52962c76ab33532f15ad9f3ff4e5715eda5335bb
  Kingfisher: b9c2a4a4af2990a768445c277359b27bde287d71
  NVActivityIndicatorView: 1f6c5687f1171810aa27a3296814dc2d7dec3667
  ShimmerSwift: f7ed2daf9c246de8299dfd9e12c6ab465cba9842
  SwiftAlgorithms: 38dda4731d19027fdeee1125f973111bf3386b53

PODFILE CHECKSUM: 217f2d8d0cdb9df3cee90ae8095cfde0167803d4

COCOAPODS: 1.11.3
