// !$*UTF8*$!
{
	archiveVersion = 1;
	classes = {
	};
	objectVersion = 56;
	objects = {

/* Begin PBXBuildFile section */
		0790C8DA294CA6DC00805EEE /* SearchTableViewCell.swift in Sources */ = {isa = PBXBuildFile; fileRef = 0790C8D9294CA6DC00805EEE /* SearchTableViewCell.swift */; };
		0794111F2949E84700A4F632 /* AppDelegate.swift in Sources */ = {isa = PBXBuildFile; fileRef = 0794111E2949E84700A4F632 /* AppDelegate.swift */; };
		079411212949E84700A4F632 /* SceneDelegate.swift in Sources */ = {isa = PBXBuildFile; fileRef = 079411202949E84700A4F632 /* SceneDelegate.swift */; };
		079411232949E84700A4F632 /* MainTabBarController.swift in Sources */ = {isa = PBXBuildFile; fileRef = 079411222949E84700A4F632 /* MainTabBarController.swift */; };
		079411262949E84700A4F632 /* Main.storyboard in Resources */ = {isa = PBXBuildFile; fileRef = 079411242949E84700A4F632 /* Main.storyboard */; };
		0794112B2949E84700A4F632 /* Assets.xcassets in Resources */ = {isa = PBXBuildFile; fileRef = 0794112A2949E84700A4F632 /* Assets.xcassets */; };
		0794112E2949E84700A4F632 /* LaunchScreen.storyboard in Resources */ = {isa = PBXBuildFile; fileRef = 0794112C2949E84700A4F632 /* LaunchScreen.storyboard */; };
		079411392949E9CB00A4F632 /* PlanViewController.swift in Sources */ = {isa = PBXBuildFile; fileRef = 079411382949E9CB00A4F632 /* PlanViewController.swift */; };
		0794113B2949E9D600A4F632 /* SettingViewController.swift in Sources */ = {isa = PBXBuildFile; fileRef = 0794113A2949E9D600A4F632 /* SettingViewController.swift */; };
		0794113D2949EC3200A4F632 /* AssetViewController.swift in Sources */ = {isa = PBXBuildFile; fileRef = 0794113C2949EC3200A4F632 /* AssetViewController.swift */; };
		079411402949FA8D00A4F632 /* Constant.swift in Sources */ = {isa = PBXBuildFile; fileRef = 0794113F2949FA8D00A4F632 /* Constant.swift */; };
		07941144294A158C00A4F632 /* DCA Planner.xcdatamodeld in Sources */ = {isa = PBXBuildFile; fileRef = 07941141294A0F9000A4F632 /* DCA Planner.xcdatamodeld */; };
		07941148294A19BC00A4F632 /* PlanView.swift in Sources */ = {isa = PBXBuildFile; fileRef = 07941147294A19BC00A4F632 /* PlanView.swift */; };
		0794114A294A19C800A4F632 /* SettingView.swift in Sources */ = {isa = PBXBuildFile; fileRef = 07941149294A19C800A4F632 /* SettingView.swift */; };
		07C616EC294AAD4B00F057BE /* AssetTableViewCell.swift in Sources */ = {isa = PBXBuildFile; fileRef = 07C616EB294AAD4B00F057BE /* AssetTableViewCell.swift */; };
		07C616EE294AB0E500F057BE /* NetworkManager.swift in Sources */ = {isa = PBXBuildFile; fileRef = 07C616ED294AB0E500F057BE /* NetworkManager.swift */; };
		07C616F0294AB0ED00F057BE /* CoreDataManager.swift in Sources */ = {isa = PBXBuildFile; fileRef = 07C616EF294AB0ED00F057BE /* CoreDataManager.swift */; };
		07C616F2294AB51100F057BE /* AssetDataManager.swift in Sources */ = {isa = PBXBuildFile; fileRef = 07C616F1294AB51100F057BE /* AssetDataManager.swift */; };
		07C616F4294AC5B000F057BE /* SearchViewController.swift in Sources */ = {isa = PBXBuildFile; fileRef = 07C616F3294AC5B000F057BE /* SearchViewController.swift */; };
/* End PBXBuildFile section */

/* Begin PBXFileReference section */
		0790C8D9294CA6DC00805EEE /* SearchTableViewCell.swift */ = {isa = PBXFileReference; lastKnownFileType = sourcecode.swift; path = SearchTableViewCell.swift; sourceTree = "<group>"; };
		0794111B2949E84700A4F632 /* DCA Planner.app */ = {isa = PBXFileReference; explicitFileType = wrapper.application; includeInIndex = 0; path = "DCA Planner.app"; sourceTree = BUILT_PRODUCTS_DIR; };
		0794111E2949E84700A4F632 /* AppDelegate.swift */ = {isa = PBXFileReference; lastKnownFileType = sourcecode.swift; path = AppDelegate.swift; sourceTree = "<group>"; };
		079411202949E84700A4F632 /* SceneDelegate.swift */ = {isa = PBXFileReference; lastKnownFileType = sourcecode.swift; path = SceneDelegate.swift; sourceTree = "<group>"; };
		079411222949E84700A4F632 /* MainTabBarController.swift */ = {isa = PBXFileReference; lastKnownFileType = sourcecode.swift; path = MainTabBarController.swift; sourceTree = "<group>"; };
		079411252949E84700A4F632 /* Base */ = {isa = PBXFileReference; lastKnownFileType = file.storyboard; name = Base; path = Base.lproj/Main.storyboard; sourceTree = "<group>"; };
		0794112A2949E84700A4F632 /* Assets.xcassets */ = {isa = PBXFileReference; lastKnownFileType = folder.assetcatalog; path = Assets.xcassets; sourceTree = "<group>"; };
		0794112D2949E84700A4F632 /* Base */ = {isa = PBXFileReference; lastKnownFileType = file.storyboard; name = Base; path = Base.lproj/LaunchScreen.storyboard; sourceTree = "<group>"; };
		0794112F2949E84700A4F632 /* Info.plist */ = {isa = PBXFileReference; lastKnownFileType = text.plist.xml; path = Info.plist; sourceTree = "<group>"; };
		079411382949E9CB00A4F632 /* PlanViewController.swift */ = {isa = PBXFileReference; lastKnownFileType = sourcecode.swift; path = PlanViewController.swift; sourceTree = "<group>"; };
		0794113A2949E9D600A4F632 /* SettingViewController.swift */ = {isa = PBXFileReference; lastKnownFileType = sourcecode.swift; path = SettingViewController.swift; sourceTree = "<group>"; };
		0794113C2949EC3200A4F632 /* AssetViewController.swift */ = {isa = PBXFileReference; lastKnownFileType = sourcecode.swift; path = AssetViewController.swift; sourceTree = "<group>"; };
		0794113F2949FA8D00A4F632 /* Constant.swift */ = {isa = PBXFileReference; lastKnownFileType = sourcecode.swift; path = Constant.swift; sourceTree = "<group>"; };
		07941142294A0F9000A4F632 /* DCA Planner.xcdatamodel */ = {isa = PBXFileReference; lastKnownFileType = wrapper.xcdatamodel; path = "DCA Planner.xcdatamodel"; sourceTree = "<group>"; };
		07941147294A19BC00A4F632 /* PlanView.swift */ = {isa = PBXFileReference; lastKnownFileType = sourcecode.swift; path = PlanView.swift; sourceTree = "<group>"; };
		07941149294A19C800A4F632 /* SettingView.swift */ = {isa = PBXFileReference; lastKnownFileType = sourcecode.swift; path = SettingView.swift; sourceTree = "<group>"; };
		07C616EB294AAD4B00F057BE /* AssetTableViewCell.swift */ = {isa = PBXFileReference; lastKnownFileType = sourcecode.swift; path = AssetTableViewCell.swift; sourceTree = "<group>"; };
		07C616ED294AB0E500F057BE /* NetworkManager.swift */ = {isa = PBXFileReference; lastKnownFileType = sourcecode.swift; path = NetworkManager.swift; sourceTree = "<group>"; };
		07C616EF294AB0ED00F057BE /* CoreDataManager.swift */ = {isa = PBXFileReference; lastKnownFileType = sourcecode.swift; path = CoreDataManager.swift; sourceTree = "<group>"; };
		07C616F1294AB51100F057BE /* AssetDataManager.swift */ = {isa = PBXFileReference; lastKnownFileType = sourcecode.swift; path = AssetDataManager.swift; sourceTree = "<group>"; };
		07C616F3294AC5B000F057BE /* SearchViewController.swift */ = {isa = PBXFileReference; lastKnownFileType = sourcecode.swift; path = SearchViewController.swift; sourceTree = "<group>"; };
/* End PBXFileReference section */

/* Begin PBXFrameworksBuildPhase section */
		079411182949E84700A4F632 /* Frameworks */ = {
			isa = PBXFrameworksBuildPhase;
			buildActionMask = 2147483647;
			files = (
			);
			runOnlyForDeploymentPostprocessing = 0;
		};
/* End PBXFrameworksBuildPhase section */

/* Begin PBXGroup section */
		079411122949E84700A4F632 = {
			isa = PBXGroup;
			children = (
				0794111D2949E84700A4F632 /* DCA Planner */,
				0794111C2949E84700A4F632 /* Products */,
			);
			sourceTree = "<group>";
		};
		0794111C2949E84700A4F632 /* Products */ = {
			isa = PBXGroup;
			children = (
				0794111B2949E84700A4F632 /* DCA Planner.app */,
			);
			name = Products;
			sourceTree = "<group>";
		};
		0794111D2949E84700A4F632 /* DCA Planner */ = {
			isa = PBXGroup;
			children = (
				0794111E2949E84700A4F632 /* AppDelegate.swift */,
				079411202949E84700A4F632 /* SceneDelegate.swift */,
				079411242949E84700A4F632 /* Main.storyboard */,
				0794112A2949E84700A4F632 /* Assets.xcassets */,
				0794112C2949E84700A4F632 /* LaunchScreen.storyboard */,
				0794112F2949E84700A4F632 /* Info.plist */,
				0794113E2949FA8000A4F632 /* Helper */,
				079411372949E86500A4F632 /* Model */,
				079411362949E86200A4F632 /* View */,
				079411352949E85E00A4F632 /* Controller */,
			);
			path = "DCA Planner";
			sourceTree = "<group>";
		};
		079411352949E85E00A4F632 /* Controller */ = {
			isa = PBXGroup;
			children = (
				079411222949E84700A4F632 /* MainTabBarController.swift */,
				0794113C2949EC3200A4F632 /* AssetViewController.swift */,
				07C616F3294AC5B000F057BE /* SearchViewController.swift */,
				079411382949E9CB00A4F632 /* PlanViewController.swift */,
				0794113A2949E9D600A4F632 /* SettingViewController.swift */,
			);
			path = Controller;
			sourceTree = "<group>";
		};
		079411362949E86200A4F632 /* View */ = {
			isa = PBXGroup;
			children = (
				07C616EB294AAD4B00F057BE /* AssetTableViewCell.swift */,
				0790C8D9294CA6DC00805EEE /* SearchTableViewCell.swift */,
				07941147294A19BC00A4F632 /* PlanView.swift */,
				07941149294A19C800A4F632 /* SettingView.swift */,
			);
			path = View;
			sourceTree = "<group>";
		};
		079411372949E86500A4F632 /* Model */ = {
			isa = PBXGroup;
			children = (
				07C616ED294AB0E500F057BE /* NetworkManager.swift */,
				07C616F1294AB51100F057BE /* AssetDataManager.swift */,
				07C616EF294AB0ED00F057BE /* CoreDataManager.swift */,
				07941141294A0F9000A4F632 /* DCA Planner.xcdatamodeld */,
			);
			path = Model;
			sourceTree = "<group>";
		};
		0794113E2949FA8000A4F632 /* Helper */ = {
			isa = PBXGroup;
			children = (
				0794113F2949FA8D00A4F632 /* Constant.swift */,
			);
			path = Helper;
			sourceTree = "<group>";
		};
/* End PBXGroup section */

/* Begin PBXNativeTarget section */
		0794111A2949E84700A4F632 /* DCA Planner */ = {
			isa = PBXNativeTarget;
			buildConfigurationList = 079411322949E84700A4F632 /* Build configuration list for PBXNativeTarget "DCA Planner" */;
			buildPhases = (
				079411172949E84700A4F632 /* Sources */,
				079411182949E84700A4F632 /* Frameworks */,
				079411192949E84700A4F632 /* Resources */,
			);
			buildRules = (
			);
			dependencies = (
			);
			name = "DCA Planner";
			productName = "DCA Reminder";
			productReference = 0794111B2949E84700A4F632 /* DCA Planner.app */;
			productType = "com.apple.product-type.application";
		};
/* End PBXNativeTarget section */

/* Begin PBXProject section */
		079411132949E84700A4F632 /* Project object */ = {
			isa = PBXProject;
			attributes = {
				BuildIndependentTargetsInParallel = 1;
				LastSwiftUpdateCheck = 1400;
				LastUpgradeCheck = 1400;
				TargetAttributes = {
					0794111A2949E84700A4F632 = {
						CreatedOnToolsVersion = 14.0.1;
					};
				};
			};
			buildConfigurationList = 079411162949E84700A4F632 /* Build configuration list for PBXProject "DCA Planner" */;
			compatibilityVersion = "Xcode 14.0";
			developmentRegion = en;
			hasScannedForEncodings = 0;
			knownRegions = (
				en,
				Base,
			);
			mainGroup = 079411122949E84700A4F632;
			productRefGroup = 0794111C2949E84700A4F632 /* Products */;
			projectDirPath = "";
			projectRoot = "";
			targets = (
				0794111A2949E84700A4F632 /* DCA Planner */,
			);
		};
/* End PBXProject section */

/* Begin PBXResourcesBuildPhase section */
		079411192949E84700A4F632 /* Resources */ = {
			isa = PBXResourcesBuildPhase;
			buildActionMask = 2147483647;
			files = (
				0794112E2949E84700A4F632 /* LaunchScreen.storyboard in Resources */,
				0794112B2949E84700A4F632 /* Assets.xcassets in Resources */,
				079411262949E84700A4F632 /* Main.storyboard in Resources */,
			);
			runOnlyForDeploymentPostprocessing = 0;
		};
/* End PBXResourcesBuildPhase section */

/* Begin PBXSourcesBuildPhase section */
		079411172949E84700A4F632 /* Sources */ = {
			isa = PBXSourcesBuildPhase;
			buildActionMask = 2147483647;
			files = (
				07C616F4294AC5B000F057BE /* SearchViewController.swift in Sources */,
				07941144294A158C00A4F632 /* DCA Planner.xcdatamodeld in Sources */,
				079411232949E84700A4F632 /* MainTabBarController.swift in Sources */,
				07C616F2294AB51100F057BE /* AssetDataManager.swift in Sources */,
				079411392949E9CB00A4F632 /* PlanViewController.swift in Sources */,
				07C616EE294AB0E500F057BE /* NetworkManager.swift in Sources */,
				0794113D2949EC3200A4F632 /* AssetViewController.swift in Sources */,
				079411402949FA8D00A4F632 /* Constant.swift in Sources */,
				07C616EC294AAD4B00F057BE /* AssetTableViewCell.swift in Sources */,
				0794111F2949E84700A4F632 /* AppDelegate.swift in Sources */,
				079411212949E84700A4F632 /* SceneDelegate.swift in Sources */,
				0794113B2949E9D600A4F632 /* SettingViewController.swift in Sources */,
				07941148294A19BC00A4F632 /* PlanView.swift in Sources */,
				0790C8DA294CA6DC00805EEE /* SearchTableViewCell.swift in Sources */,
				07C616F0294AB0ED00F057BE /* CoreDataManager.swift in Sources */,
				0794114A294A19C800A4F632 /* SettingView.swift in Sources */,
			);
			runOnlyForDeploymentPostprocessing = 0;
		};
/* End PBXSourcesBuildPhase section */

/* Begin PBXVariantGroup section */
		079411242949E84700A4F632 /* Main.storyboard */ = {
			isa = PBXVariantGroup;
			children = (
				079411252949E84700A4F632 /* Base */,
			);
			name = Main.storyboard;
			sourceTree = "<group>";
		};
		0794112C2949E84700A4F632 /* LaunchScreen.storyboard */ = {
			isa = PBXVariantGroup;
			children = (
				0794112D2949E84700A4F632 /* Base */,
			);
			name = LaunchScreen.storyboard;
			sourceTree = "<group>";
		};
/* End PBXVariantGroup section */

/* Begin XCBuildConfiguration section */
		079411302949E84700A4F632 /* Debug */ = {
			isa = XCBuildConfiguration;
			buildSettings = {
				ALWAYS_SEARCH_USER_PATHS = NO;
				CLANG_ANALYZER_NONNULL = YES;
				CLANG_ANALYZER_NUMBER_OBJECT_CONVERSION = YES_AGGRESSIVE;
				CLANG_CXX_LANGUAGE_STANDARD = "gnu++20";
				CLANG_ENABLE_MODULES = YES;
				CLANG_ENABLE_OBJC_ARC = YES;
				CLANG_ENABLE_OBJC_WEAK = YES;
				CLANG_WARN_BLOCK_CAPTURE_AUTORELEASING = YES;
				CLANG_WARN_BOOL_CONVERSION = YES;
				CLANG_WARN_COMMA = YES;
				CLANG_WARN_CONSTANT_CONVERSION = YES;
				CLANG_WARN_DEPRECATED_OBJC_IMPLEMENTATIONS = YES;
				CLANG_WARN_DIRECT_OBJC_ISA_USAGE = YES_ERROR;
				CLANG_WARN_DOCUMENTATION_COMMENTS = YES;
				CLANG_WARN_EMPTY_BODY = YES;
				CLANG_WARN_ENUM_CONVERSION = YES;
				CLANG_WARN_INFINITE_RECURSION = YES;
				CLANG_WARN_INT_CONVERSION = YES;
				CLANG_WARN_NON_LITERAL_NULL_CONVERSION = YES;
				CLANG_WARN_OBJC_IMPLICIT_RETAIN_SELF = YES;
				CLANG_WARN_OBJC_LITERAL_CONVERSION = YES;
				CLANG_WARN_OBJC_ROOT_CLASS = YES_ERROR;
				CLANG_WARN_QUOTED_INCLUDE_IN_FRAMEWORK_HEADER = YES;
				CLANG_WARN_RANGE_LOOP_ANALYSIS = YES;
				CLANG_WARN_STRICT_PROTOTYPES = YES;
				CLANG_WARN_SUSPICIOUS_MOVE = YES;
				CLANG_WARN_UNGUARDED_AVAILABILITY = YES_AGGRESSIVE;
				CLANG_WARN_UNREACHABLE_CODE = YES;
				CLANG_WARN__DUPLICATE_METHOD_MATCH = YES;
				COPY_PHASE_STRIP = NO;
				DEBUG_INFORMATION_FORMAT = dwarf;
				ENABLE_STRICT_OBJC_MSGSEND = YES;
				ENABLE_TESTABILITY = YES;
				GCC_C_LANGUAGE_STANDARD = gnu11;
				GCC_DYNAMIC_NO_PIC = NO;
				GCC_NO_COMMON_BLOCKS = YES;
				GCC_OPTIMIZATION_LEVEL = 0;
				GCC_PREPROCESSOR_DEFINITIONS = (
					"DEBUG=1",
					"$(inherited)",
				);
				GCC_WARN_64_TO_32_BIT_CONVERSION = YES;
				GCC_WARN_ABOUT_RETURN_TYPE = YES_ERROR;
				GCC_WARN_UNDECLARED_SELECTOR = YES;
				GCC_WARN_UNINITIALIZED_AUTOS = YES_AGGRESSIVE;
				GCC_WARN_UNUSED_FUNCTION = YES;
				GCC_WARN_UNUSED_VARIABLE = YES;
				IPHONEOS_DEPLOYMENT_TARGET = 14.0;
				MTL_ENABLE_DEBUG_INFO = INCLUDE_SOURCE;
				MTL_FAST_MATH = YES;
				ONLY_ACTIVE_ARCH = YES;
				SDKROOT = iphoneos;
				SWIFT_ACTIVE_COMPILATION_CONDITIONS = DEBUG;
				SWIFT_OPTIMIZATION_LEVEL = "-Onone";
			};
			name = Debug;
		};
		079411312949E84700A4F632 /* Release */ = {
			isa = XCBuildConfiguration;
			buildSettings = {
				ALWAYS_SEARCH_USER_PATHS = NO;
				CLANG_ANALYZER_NONNULL = YES;
				CLANG_ANALYZER_NUMBER_OBJECT_CONVERSION = YES_AGGRESSIVE;
				CLANG_CXX_LANGUAGE_STANDARD = "gnu++20";
				CLANG_ENABLE_MODULES = YES;
				CLANG_ENABLE_OBJC_ARC = YES;
				CLANG_ENABLE_OBJC_WEAK = YES;
				CLANG_WARN_BLOCK_CAPTURE_AUTORELEASING = YES;
				CLANG_WARN_BOOL_CONVERSION = YES;
				CLANG_WARN_COMMA = YES;
				CLANG_WARN_CONSTANT_CONVERSION = YES;
				CLANG_WARN_DEPRECATED_OBJC_IMPLEMENTATIONS = YES;
				CLANG_WARN_DIRECT_OBJC_ISA_USAGE = YES_ERROR;
				CLANG_WARN_DOCUMENTATION_COMMENTS = YES;
				CLANG_WARN_EMPTY_BODY = YES;
				CLANG_WARN_ENUM_CONVERSION = YES;
				CLANG_WARN_INFINITE_RECURSION = YES;
				CLANG_WARN_INT_CONVERSION = YES;
				CLANG_WARN_NON_LITERAL_NULL_CONVERSION = YES;
				CLANG_WARN_OBJC_IMPLICIT_RETAIN_SELF = YES;
				CLANG_WARN_OBJC_LITERAL_CONVERSION = YES;
				CLANG_WARN_OBJC_ROOT_CLASS = YES_ERROR;
				CLANG_WARN_QUOTED_INCLUDE_IN_FRAMEWORK_HEADER = YES;
				CLANG_WARN_RANGE_LOOP_ANALYSIS = YES;
				CLANG_WARN_STRICT_PROTOTYPES = YES;
				CLANG_WARN_SUSPICIOUS_MOVE = YES;
				CLANG_WARN_UNGUARDED_AVAILABILITY = YES_AGGRESSIVE;
				CLANG_WARN_UNREACHABLE_CODE = YES;
				CLANG_WARN__DUPLICATE_METHOD_MATCH = YES;
				COPY_PHASE_STRIP = NO;
				DEBUG_INFORMATION_FORMAT = "dwarf-with-dsym";
				ENABLE_NS_ASSERTIONS = NO;
				ENABLE_STRICT_OBJC_MSGSEND = YES;
				GCC_C_LANGUAGE_STANDARD = gnu11;
				GCC_NO_COMMON_BLOCKS = YES;
				GCC_WARN_64_TO_32_BIT_CONVERSION = YES;
				GCC_WARN_ABOUT_RETURN_TYPE = YES_ERROR;
				GCC_WARN_UNDECLARED_SELECTOR = YES;
				GCC_WARN_UNINITIALIZED_AUTOS = YES_AGGRESSIVE;
				GCC_WARN_UNUSED_FUNCTION = YES;
				GCC_WARN_UNUSED_VARIABLE = YES;
				IPHONEOS_DEPLOYMENT_TARGET = 14.0;
				MTL_ENABLE_DEBUG_INFO = NO;
				MTL_FAST_MATH = YES;
				SDKROOT = iphoneos;
				SWIFT_COMPILATION_MODE = wholemodule;
				SWIFT_OPTIMIZATION_LEVEL = "-O";
				VALIDATE_PRODUCT = YES;
			};
			name = Release;
		};
		079411332949E84700A4F632 /* Debug */ = {
			isa = XCBuildConfiguration;
			buildSettings = {
				ASSETCATALOG_COMPILER_APPICON_NAME = AppIcon;
				ASSETCATALOG_COMPILER_GLOBAL_ACCENT_COLOR_NAME = AccentColor;
				CODE_SIGN_STYLE = Automatic;
				CURRENT_PROJECT_VERSION = 1;
				DEVELOPMENT_TEAM = YJF2RZ2K47;
				GENERATE_INFOPLIST_FILE = YES;
				INFOPLIST_FILE = "DCA Planner/Info.plist";
				INFOPLIST_KEY_CFBundleDisplayName = "분할매수 도우미";
				INFOPLIST_KEY_LSApplicationCategoryType = "public.app-category.finance";
				INFOPLIST_KEY_UIApplicationSupportsIndirectInputEvents = YES;
				INFOPLIST_KEY_UILaunchStoryboardName = LaunchScreen;
				INFOPLIST_KEY_UIMainStoryboardFile = Main;
				INFOPLIST_KEY_UISupportedInterfaceOrientations = UIInterfaceOrientationPortrait;
				INFOPLIST_KEY_UISupportedInterfaceOrientations_iPad = "UIInterfaceOrientationLandscapeLeft UIInterfaceOrientationLandscapeRight UIInterfaceOrientationPortrait UIInterfaceOrientationPortraitUpsideDown";
				IPHONEOS_DEPLOYMENT_TARGET = 14.0;
				LD_RUNPATH_SEARCH_PATHS = (
					"$(inherited)",
					"@executable_path/Frameworks",
				);
				MARKETING_VERSION = 1.0;
				PRODUCT_BUNDLE_IDENTIFIER = "com.hyleedevelop.DCA-Planner";
				PRODUCT_NAME = "$(TARGET_NAME)";
				SUPPORTED_PLATFORMS = "iphoneos iphonesimulator";
				SUPPORTS_MACCATALYST = NO;
				SUPPORTS_MAC_DESIGNED_FOR_IPHONE_IPAD = NO;
				SWIFT_EMIT_LOC_STRINGS = YES;
				SWIFT_VERSION = 5.0;
				TARGETED_DEVICE_FAMILY = 1;
			};
			name = Debug;
		};
		079411342949E84700A4F632 /* Release */ = {
			isa = XCBuildConfiguration;
			buildSettings = {
				ASSETCATALOG_COMPILER_APPICON_NAME = AppIcon;
				ASSETCATALOG_COMPILER_GLOBAL_ACCENT_COLOR_NAME = AccentColor;
				CODE_SIGN_STYLE = Automatic;
				CURRENT_PROJECT_VERSION = 1;
				DEVELOPMENT_TEAM = YJF2RZ2K47;
				GENERATE_INFOPLIST_FILE = YES;
				INFOPLIST_FILE = "DCA Planner/Info.plist";
				INFOPLIST_KEY_CFBundleDisplayName = "분할매수 도우미";
				INFOPLIST_KEY_LSApplicationCategoryType = "public.app-category.finance";
				INFOPLIST_KEY_UIApplicationSupportsIndirectInputEvents = YES;
				INFOPLIST_KEY_UILaunchStoryboardName = LaunchScreen;
				INFOPLIST_KEY_UIMainStoryboardFile = Main;
				INFOPLIST_KEY_UISupportedInterfaceOrientations = UIInterfaceOrientationPortrait;
				INFOPLIST_KEY_UISupportedInterfaceOrientations_iPad = "UIInterfaceOrientationLandscapeLeft UIInterfaceOrientationLandscapeRight UIInterfaceOrientationPortrait UIInterfaceOrientationPortraitUpsideDown";
				IPHONEOS_DEPLOYMENT_TARGET = 14.0;
				LD_RUNPATH_SEARCH_PATHS = (
					"$(inherited)",
					"@executable_path/Frameworks",
				);
				MARKETING_VERSION = 1.0;
				PRODUCT_BUNDLE_IDENTIFIER = "com.hyleedevelop.DCA-Planner";
				PRODUCT_NAME = "$(TARGET_NAME)";
				SUPPORTED_PLATFORMS = "iphoneos iphonesimulator";
				SUPPORTS_MACCATALYST = NO;
				SUPPORTS_MAC_DESIGNED_FOR_IPHONE_IPAD = NO;
				SWIFT_EMIT_LOC_STRINGS = YES;
				SWIFT_VERSION = 5.0;
				TARGETED_DEVICE_FAMILY = 1;
			};
			name = Release;
		};
/* End XCBuildConfiguration section */

/* Begin XCConfigurationList section */
		079411162949E84700A4F632 /* Build configuration list for PBXProject "DCA Planner" */ = {
			isa = XCConfigurationList;
			buildConfigurations = (
				079411302949E84700A4F632 /* Debug */,
				079411312949E84700A4F632 /* Release */,
			);
			defaultConfigurationIsVisible = 0;
			defaultConfigurationName = Release;
		};
		079411322949E84700A4F632 /* Build configuration list for PBXNativeTarget "DCA Planner" */ = {
			isa = XCConfigurationList;
			buildConfigurations = (
				079411332949E84700A4F632 /* Debug */,
				079411342949E84700A4F632 /* Release */,
			);
			defaultConfigurationIsVisible = 0;
			defaultConfigurationName = Release;
		};
/* End XCConfigurationList section */

/* Begin XCVersionGroup section */
		07941141294A0F9000A4F632 /* DCA Planner.xcdatamodeld */ = {
			isa = XCVersionGroup;
			children = (
				07941142294A0F9000A4F632 /* DCA Planner.xcdatamodel */,
			);
			currentVersion = 07941142294A0F9000A4F632 /* DCA Planner.xcdatamodel */;
			path = "DCA Planner.xcdatamodeld";
			sourceTree = "<group>";
			versionGroupType = wrapper.xcdatamodel;
		};
/* End XCVersionGroup section */
	};
	rootObject = 079411132949E84700A4F632 /* Project object */;
}
